
Microsoft Visual Studio Solution File, Format Version 12.00
# Visual Studio 15
VisualStudioVersion = 15.0.28307.645
MinimumVisualStudioVersion = 10.0.40219.1
Project("{FAE04EC0-301F-11D3-BF4B-00C04F79EFBC}") = "Task_1", "Task_1\Task_1.csproj", "{67A11ED8-FBBC-4243-BE39-6F1C2A3AB6D8}"
EndProject
Project("{FAE04EC0-301F-11D3-BF4B-00C04F79EFBC}") = "taks_2", "taks_2\taks_2.csproj", "{034EC677-7E44-4EA5-9F1B-B9BB561DF66C}"
EndProject
Global
	GlobalSection(SolutionConfigurationPlatforms) = preSolution
		Debug|Any CPU = Debug|Any CPU
		Release|Any CPU = Release|Any CPU
	EndGlobalSection
	GlobalSection(ProjectConfigurationPlatforms) = postSolution
		{67A11ED8-FBBC-4243-BE39-6F1C2A3AB6D8}.Debug|Any CPU.ActiveCfg = Debug|Any CPU
		{67A11ED8-FBBC-4243-BE39-6F1C2A3AB6D8}.Debug|Any CPU.Build.0 = Debug|Any CPU
		{67A11ED8-FBBC-4243-BE39-6F1C2A3AB6D8}.Release|Any CPU.ActiveCfg = Release|Any CPU
		{67A11ED8-FBBC-4243-BE39-6F1C2A3AB6D8}.Release|Any CPU.Build.0 = Release|Any CPU
		{034EC677-7E44-4EA5-9F1B-B9BB561DF66C}.Debug|Any CPU.ActiveCfg = Debug|Any CPU
		{034EC677-7E44-4EA5-9F1B-B9BB561DF66C}.Debug|Any CPU.Build.0 = Debug|Any CPU
		{034EC677-7E44-4EA5-9F1B-B9BB561DF66C}.Release|Any CPU.ActiveCfg = Release|Any CPU
		{034EC677-7E44-4EA5-9F1B-B9BB561DF66C}.Release|Any CPU.Build.0 = Release|Any CPU
	EndGlobalSection
	GlobalSection(SolutionProperties) = preSolution
		HideSolutionNode = FALSE
	EndGlobalSection
	GlobalSection(ExtensibilityGlobals) = postSolution
		SolutionGuid = {84E6BA73-94A1-45C4-862C-5F8979EE0190}
	EndGlobalSection
EndGlobal
